
Microsoft Visual Studio Solution File, Format Version 12.00
# Visual Studio 15
VisualStudioVersion = 15.0.27703.2047
MinimumVisualStudioVersion = 10.0.40219.1
Project("{FAE04EC0-301F-11D3-BF4B-00C04F79EFBC}") = "RegistrationSystem", "RegistrationSystem\RegistrationSystem.csproj", "{9967B465-5D50-4D8F-A76A-A1409FE8794B}"
EndProject
Global
	GlobalSection(SolutionConfigurationPlatforms) = preSolution
		Debug|Any CPU = Debug|Any CPU
		Release|Any CPU = Release|Any CPU
	EndGlobalSection
	GlobalSection(ProjectConfigurationPlatforms) = postSolution
		{9967B465-5D50-4D8F-A76A-A1409FE8794B}.Debug|Any CPU.ActiveCfg = Debug|Any CPU
		{9967B465-5D50-4D8F-A76A-A1409FE8794B}.Debug|Any CPU.Build.0 = Debug|Any CPU
		{9967B465-5D50-4D8F-A76A-A1409FE8794B}.Release|Any CPU.ActiveCfg = Release|Any CPU
		{9967B465-5D50-4D8F-A76A-A1409FE8794B}.Release|Any CPU.Build.0 = Release|Any CPU
	EndGlobalSection
	GlobalSection(SolutionProperties) = preSolution
		HideSolutionNode = FALSE
	EndGlobalSection
	GlobalSection(ExtensibilityGlobals) = postSolution
		SolutionGuid = {2E562AB0-1B62-4595-84A6-0387EEB45E18}
	EndGlobalSection
EndGlobal
